
Microsoft Visual Studio Solution File, Format Version 12.00
# Visual Studio Version 16
VisualStudioVersion = 25.0.1704.2
MinimumVisualStudioVersion = 10.0.40219.1
Project("{FAE04EC0-301F-11D3-BF4B-00C04F79EFBC}") = "Bercelle", "Bercelle\Bercelle.csproj", "{05056057-1688-43B6-955E-EE3B74A67FE4}"
EndProject
Global
	GlobalSection(SolutionConfigurationPlatforms) = preSolution
		Debug|Any CPU = Debug|Any CPU
		Release|Any CPU = Release|Any CPU
	EndGlobalSection
	GlobalSection(ProjectConfigurationPlatforms) = postSolution
		{05056057-1688-43B6-955E-EE3B74A67FE4}.Debug|Any CPU.ActiveCfg = Debug|Any CPU
		{05056057-1688-43B6-955E-EE3B74A67FE4}.Debug|Any CPU.Build.0 = Debug|Any CPU
		{05056057-1688-43B6-955E-EE3B74A67FE4}.Release|Any CPU.ActiveCfg = Release|Any CPU
		{05056057-1688-43B6-955E-EE3B74A67FE4}.Release|Any CPU.Build.0 = Release|Any CPU
	EndGlobalSection
	GlobalSection(SolutionProperties) = preSolution
		HideSolutionNode = FALSE
	EndGlobalSection
	GlobalSection(ExtensibilityGlobals) = postSolution
		SolutionGuid = {F3FF6407-82AC-4EF7-A875-F8FF606CD6F1}
	EndGlobalSection
EndGlobal
